# generated by rye
# use `rye lock` or `rye sync` to update this lockfile
#
# last locked with the following flags:
#   pre: false
#   features: []
#   all-features: false
#   with-sources: false
#   generate-hashes: false
#   universal: false

-e file:.
annotated-types==0.7.0
    # via pydantic
certifi==2025.1.31
    # via requests
charset-normalizer==3.4.1
    # via requests
idna==3.10
    # via requests
line-works-sdk==3.4
    # via nezu-works-bot
pydantic==2.10.6
    # via line-works-sdk
pydantic-core==2.27.2
    # via line-works-sdk
    # via pydantic
python-dateutil==2.9.0.post0
    # via line-works-sdk
requests==2.32.3
    # via line-works-sdk
six==1.17.0
    # via python-dateutil
typing-extensions==4.12.2
    # via line-works-sdk
    # via pydantic
    # via pydantic-core
urllib3==2.3.0
    # via line-works-sdk
    # via requests
websockets==15.0.1
    # via line-works-sdk
