# generated by rye
# use `rye lock` or `rye sync` to update this lockfile
#
# last locked with the following flags:
#   pre: false
#   features: []
#   all-features: false
#   with-sources: false
#   generate-hashes: false
#   universal: false

-e file:.
annotated-types==0.7.0
    # via pydantic
certifi==2025.1.31
    # via requests
charset-normalizer==3.4.1
    # via requests
colorama==0.4.6
    # via pytest
idna==3.10
    # via requests
iniconfig==2.1.0
    # via pytest
line-works-sdk==3.7
    # via nezu-works-bot
packaging==25.0
    # via pytest
pillow==11.1.0
    # via line-works-sdk
pluggy==1.6.0
    # via pytest
pydantic==2.11.7
    # via line-works-sdk
    # via nezu-works-bot
pydantic-core==2.33.2
    # via line-works-sdk
    # via pydantic
pygments==2.19.2
    # via pytest
pytest==8.4.1
    # via nezu-works-bot
python-dateutil==2.9.0.post0
    # via line-works-sdk
requests==2.32.3
    # via line-works-sdk
six==1.17.0
    # via python-dateutil
typing-extensions==4.12.2
    # via line-works-sdk
    # via pydantic
    # via pydantic-core
    # via typing-inspection
typing-inspection==0.4.1
    # via pydantic
urllib3==2.3.0
    # via line-works-sdk
    # via requests
websockets==15.0.1
    # via line-works-sdk
